
Microsoft Visual Studio Solution File, Format Version 12.00
# Visual Studio Version 16
VisualStudioVersion = 16.0.31410.357
MinimumVisualStudioVersion = 10.0.40219.1
Project("{FAE04EC0-301F-11D3-BF4B-00C04F79EFBC}") = "FMSMobile", "FMSMobile\FMSMobile.csproj", "{5B3EDC0B-CD41-4201-BD13-B3FBAEF9BDFE}"
EndProject
Global
	GlobalSection(SolutionConfigurationPlatforms) = preSolution
		Debug|Any CPU = Debug|Any CPU
		Release|Any CPU = Release|Any CPU
	EndGlobalSection
	GlobalSection(ProjectConfigurationPlatforms) = postSolution
		{5B3EDC0B-CD41-4201-BD13-B3FBAEF9BDFE}.Debug|Any CPU.ActiveCfg = Debug|Any CPU
		{5B3EDC0B-CD41-4201-BD13-B3FBAEF9BDFE}.Debug|Any CPU.Build.0 = Debug|Any CPU
		{5B3EDC0B-CD41-4201-BD13-B3FBAEF9BDFE}.Debug|Any CPU.Deploy.0 = Debug|Any CPU
		{5B3EDC0B-CD41-4201-BD13-B3FBAEF9BDFE}.Release|Any CPU.ActiveCfg = Release|Any CPU
		{5B3EDC0B-CD41-4201-BD13-B3FBAEF9BDFE}.Release|Any CPU.Build.0 = Release|Any CPU
		{5B3EDC0B-CD41-4201-BD13-B3FBAEF9BDFE}.Release|Any CPU.Deploy.0 = Release|Any CPU
	EndGlobalSection
	GlobalSection(SolutionProperties) = preSolution
		HideSolutionNode = FALSE
	EndGlobalSection
	GlobalSection(ExtensibilityGlobals) = postSolution
		SolutionGuid = {D0C7EF2A-3D80-47D5-89FE-A921976D5B2D}
	EndGlobalSection
EndGlobal
